{
    "_meta": {
        "hash": {
            "sha256": "a8de292da45d6deb62d2f03260a41f94b30bf1f269fd8e5e98dbabc9433b3bd7"
        },
        "pipfile-spec": 6,
        "requires": {
            "python_version": "3.6"
        },
        "sources": [
            {
                "name": "pypi",
                "url": "https://pypi.python.org/simple",
                "verify_ssl": true
            }
        ]
    },
    "default": {
        "appdirs": {
            "hashes": [
                "sha256:7d5d0167b2b1ba821647616af46a749d1c653740dd0d2415100fe26e27afdf41",
                "sha256:a841dacd6b99318a741b166adb07e19ee71a274450e68237b4650ca1055ab128"
            ],
            "version": "==1.4.4"
        },
        "click": {
            "hashes": [
                "sha256:7d8c289ee437bcb0316820ccee14aefcb056e58d31830ecab8e47eda6540e136",
                "sha256:e90e62ced43dc8105fb9a26d62f0d9340b5c8db053a814e25d95c19873ae87db"
            ],
            "version": "==8.0.0"
        },
        "distlib": {
            "hashes": [
                "sha256:8c09de2c67b3e7deef7184574fc060ab8a793e7adbb183d942c389c8b13c52fb",
                "sha256:edf6116872c863e1aa9d5bb7cb5e05a022c519a4594dc703843343a9ddd9bff1"
            ],
            "version": "==0.3.1"
        },
        "et-xmlfile": {
            "hashes": [
                "sha256:8eb9e2bc2f8c97e37a2dc85a09ecdcdec9d8a396530a6d5a33b30b9a92da0c5c",
                "sha256:a2ba85d1d6a74ef63837eed693bcb89c3f752169b0e3e7ae5b16ca5e1b3deada"
            ],
            "version": "==1.1.0"
        },
        "filelock": {
            "hashes": [
                "sha256:18d82244ee114f543149c66a6e0c14e9c4f8a1044b5cdaadd0f82159d6a6ff59",
                "sha256:929b7d63ec5b7d6b71b0fa5ac14e030b3f70b75747cef1b10da9b879fef15836"
            ],
            "version": "==3.0.12"
        },
        "flask": {
            "hashes": [
                "sha256:168e8507792cb8a3aa06afbe5d4d431d3e07c6318bc3893ceecb81aff09f848d",
                "sha256:1833a4b36ace08dfa1510d86f1bb6fc595d990ec1b838e03ac8dd80ac0705954"
            ],
            "index": "pypi",
            "version": "==2.0.0"
        },
        "flask-login": {
            "hashes": [
                "sha256:c815c1ac7b3e35e2081685e389a665f2c74d7e077cb93cecabaea352da4752ec"
            ],
            "index": "pypi",
            "version": "==0.4.1"
        },
        "flask-wtf": {
            "hashes": [
                "sha256:5d14d55cfd35f613d99ee7cba0fc3fbbe63ba02f544d349158c14ca15561cc36",
                "sha256:d9a9e366b32dcbb98ef17228e76be15702cd2600675668bca23f63a7947fd5ac"
            ],
            "index": "pypi",
            "version": "==0.14.2"
        },
        "importlib-metadata": {
            "hashes": [
                "sha256:90bb658cdbbf6d1735b6341ce708fc7024a3e14e99ffdc5783edea9f9b077f83",
                "sha256:dc15b2969b4ce36305c51eebe62d418ac7791e9a157911d58bfb1f9ccd8e2070"
            ],
            "markers": "python_version < '3.8'",
            "version": "==1.7.0"
        },
        "itsdangerous": {
            "hashes": [
                "sha256:99b1053ccce68066dfc0b4465ef8779027e6d577377c8270e21a3d6289cac111",
                "sha256:e2cb4ae918f07ab2a2f9a91dec2695bd1f25a19d31861a70015ad537ccb5e807"
            ],
            "version": "==2.0.0"
        },
        "jdcal": {
            "hashes": [
                "sha256:1abf1305fce18b4e8aa248cf8fe0c56ce2032392bc64bbd61b5dff2a19ec8bba",
                "sha256:472872e096eb8df219c23f2689fc336668bdb43d194094b5cc1707e1640acfc8"
            ],
            "version": "==1.4.1"
        },
        "jinja2": {
            "hashes": [
                "sha256:2f2de5285cf37f33d33ecd4a9080b75c87cd0c1994d5a9c6df17131ea1f049c6",
                "sha256:ea8d7dd814ce9df6de6a761ec7f1cac98afe305b8cdc4aaae4e114b8d8ce24c5"
            ],
            "version": "==3.0.0"
        },
        "markupsafe": {
            "hashes": [
                "sha256:007dc055dbce5b1104876acee177dbfd18757e19d562cd440182e1f492e96b95",
                "sha256:031bf79a27d1c42f69c276d6221172417b47cb4b31cdc73d362a9bf5a1889b9f",
                "sha256:161d575fa49395860b75da5135162481768b11208490d5a2143ae6785123e77d",
                "sha256:24bbc3507fb6dfff663af7900a631f2aca90d5a445f272db5fc84999fa5718bc",
                "sha256:2efaeb1baff547063bad2b2893a8f5e9c459c4624e1a96644bbba08910ae34e0",
                "sha256:32200f562daaab472921a11cbb63780f1654552ae49518196fc361ed8e12e901",
                "sha256:3261fae28155e5c8634dd7710635fe540a05b58f160cef7713c7700cb9980e66",
                "sha256:3b54a9c68995ef4164567e2cd1a5e16db5dac30b2a50c39c82db8d4afaf14f63",
                "sha256:3c352ff634e289061711608f5e474ec38dbaa21e3e168820d53d5f4015e5b91b",
                "sha256:3fb47f97f1d338b943126e90b79cad50d4fcfa0b80637b5a9f468941dbbd9ce5",
                "sha256:441ce2a8c17683d97e06447fcbccbdb057cbf587c78eb75ae43ea7858042fe2c",
                "sha256:45535241baa0fc0ba2a43961a1ac7562ca3257f46c4c3e9c0de38b722be41bd1",
                "sha256:4aca81a687975b35e3e80bcf9aa93fe10cd57fac37bf18b2314c186095f57e05",
                "sha256:4cc563836f13c57f1473bc02d1e01fc37bab70ad4ee6be297d58c1d66bc819bf",
                "sha256:4fae0677f712ee090721d8b17f412f1cbceefbf0dc180fe91bab3232f38b4527",
                "sha256:58bc9fce3e1557d463ef5cee05391a05745fd95ed660f23c1742c711712c0abb",
                "sha256:664832fb88b8162268928df233f4b12a144a0c78b01d38b81bdcf0fc96668ecb",
                "sha256:70820a1c96311e02449591cbdf5cd1c6a34d5194d5b55094ab725364375c9eb2",
                "sha256:79b2ae94fa991be023832e6bcc00f41dbc8e5fe9d997a02db965831402551730",
                "sha256:83cf0228b2f694dcdba1374d5312f2277269d798e65f40344964f642935feac1",
                "sha256:87de598edfa2230ff274c4de7fcf24c73ffd96208c8e1912d5d0fee459767d75",
                "sha256:8f806bfd0f218477d7c46a11d3e52dc7f5fdfaa981b18202b7dc84bbc287463b",
                "sha256:90053234a6479738fd40d155268af631c7fca33365f964f2208867da1349294b",
                "sha256:a00dce2d96587651ef4fa192c17e039e8cfab63087c67e7d263a5533c7dad715",
                "sha256:a08cd07d3c3c17cd33d9e66ea9dee8f8fc1c48e2d11bd88fd2dc515a602c709b",
                "sha256:a19d39b02a24d3082856a5b06490b714a9d4179321225bbf22809ff1e1887cc8",
                "sha256:d00a669e4a5bec3ee6dbeeeedd82a405ced19f8aeefb109a012ea88a45afff96",
                "sha256:dab0c685f21f4a6c95bfc2afd1e7eae0033b403dd3d8c1b6d13a652ada75b348",
                "sha256:df561f65049ed3556e5b52541669310e88713fdae2934845ec3606f283337958",
                "sha256:e4570d16f88c7f3032ed909dc9e905a17da14a1c4cfd92608e3fda4cb1208bbd",
                "sha256:e77e4b983e2441aff0c0d07ee711110c106b625f440292dfe02a2f60c8218bd6",
                "sha256:e79212d09fc0e224d20b43ad44bb0a0a3416d1e04cf6b45fed265114a5d43d20",
                "sha256:f58b5ba13a5689ca8317b98439fccfbcc673acaaf8241c1869ceea40f5d585bf",
                "sha256:fef86115fdad7ae774720d7103aa776144cf9b66673b4afa9bcaa7af990ed07b"
            ],
            "version": "==2.0.0"
        },
        "numpy": {
            "hashes": [
                "sha256:1676b0a292dd3c99e49305a16d7a9f42a4ab60ec522eac0d3dd20cdf362ac010",
                "sha256:16f221035e8bd19b9dc9a57159e38d2dd060b48e93e1d843c49cb370b0f415fd",
                "sha256:43909c8bb289c382170e0282158a38cf306a8ad2ff6dfadc447e90f9961bef43",
                "sha256:4e465afc3b96dbc80cf4a5273e5e2b1e3451286361b4af70ce1adb2984d392f9",
                "sha256:55b745fca0a5ab738647d0e4db099bd0a23279c32b31a783ad2ccea729e632df",
                "sha256:5d050e1e4bc9ddb8656d7b4f414557720ddcca23a5b88dd7cff65e847864c400",
                "sha256:637d827248f447e63585ca3f4a7d2dfaa882e094df6cfa177cc9cf9cd6cdf6d2",
                "sha256:6690080810f77485667bfbff4f69d717c3be25e5b11bb2073e76bb3f578d99b4",
                "sha256:66fbc6fed94a13b9801fb70b96ff30605ab0a123e775a5e7a26938b717c5d71a",
                "sha256:67d44acb72c31a97a3d5d33d103ab06d8ac20770e1c5ad81bdb3f0c086a56cf6",
                "sha256:6ca2b85a5997dabc38301a22ee43c82adcb53ff660b89ee88dded6b33687e1d8",
                "sha256:6e51534e78d14b4a009a062641f465cfaba4fdcb046c3ac0b1f61dd97c861b1b",
                "sha256:70eb5808127284c4e5c9e836208e09d685a7978b6a216db85960b1a112eeace8",
                "sha256:830b044f4e64a76ba71448fce6e604c0fc47a0e54d8f6467be23749ac2cbd2fb",
                "sha256:8b7bb4b9280da3b2856cb1fc425932f46fba609819ee1c62256f61799e6a51d2",
                "sha256:a9c65473ebc342715cb2d7926ff1e202c26376c0dcaaee85a1fd4b8d8c1d3b2f",
                "sha256:c1c09247ccea742525bdb5f4b5ceeacb34f95731647fe55774aa36557dbb5fa4",
                "sha256:c5bf0e132acf7557fc9bb8ded8b53bbbbea8892f3c9a1738205878ca9434206a",
                "sha256:db250fd3e90117e0312b611574cd1b3f78bec046783195075cbd7ba9c3d73f16",
                "sha256:e515c9a93aebe27166ec9593411c58494fa98e5fcc219e47260d9ab8a1cc7f9f",
                "sha256:e55185e51b18d788e49fe8305fd73ef4470596b33fc2c1ceb304566b99c71a69",
                "sha256:ea9cff01e75a956dbee133fa8e5b68f2f92175233de2f88de3a682dd94deda65",
                "sha256:f1452578d0516283c87608a5a5548b0cdde15b99650efdfd85182102ef7a7c17",
                "sha256:f39a995e47cb8649673cfa0579fbdd1cdd33ea497d1728a6cb194d6252268e48"
            ],
            "version": "==1.20.3"
        },
        "openpyxl": {
            "hashes": [
                "sha256:022c0f3fa1e873cc0ba20651c54dd5e6276fc4ff150b4060723add4fc448645e"
            ],
            "index": "pypi",
            "version": "==2.5.9"
        },
        "packaging": {
            "hashes": [
                "sha256:5b327ac1320dc863dca72f4514ecc086f31186744b84a230374cc1fd776feae5",
                "sha256:67714da7f7bc052e064859c05c595155bd1ee9f69f76557e21f051443c20947a"
            ],
            "version": "==20.9"
        },
        "pandas": {
            "hashes": [
                "sha256:034185bb615dc96d08fa13aacba8862949db19d5e7804d6ee242d086f07bcc46",
                "sha256:0c9b7f1933e3226cc16129cf2093338d63ace5c85db7c9588e3e1ac5c1937ad5",
                "sha256:1f6fcf0404626ca0475715da045a878c7062ed39bc859afc4ccf0ba0a586a0aa",
                "sha256:1fc963ba33c299973e92d45466e576d11f28611f3549469aec4a35658ef9f4cc",
                "sha256:29b4cfee5df2bc885607b8f016e901e63df7ffc8f00209000471778f46cc6678",
                "sha256:2a8b6c28607e3f3c344fe3e9b3cd76d2bf9f59bc8c0f2e582e3728b80e1786dc",
                "sha256:2bc2ff52091a6ac481cc75d514f06227dc1b10887df1eb72d535475e7b825e31",
                "sha256:415e4d52fcfd68c3d8f1851cef4d947399232741cc994c8f6aa5e6a9f2e4b1d8",
                "sha256:519678882fd0587410ece91e3ff7f73ad6ded60f6fcb8aa7bcc85c1dc20ecac6",
                "sha256:51e0abe6e9f5096d246232b461649b0aa627f46de8f6344597ca908f2240cbaa",
                "sha256:698e26372dba93f3aeb09cd7da2bb6dd6ade248338cfe423792c07116297f8f4",
                "sha256:83af85c8e539a7876d23b78433d90f6a0e8aa913e37320785cf3888c946ee874",
                "sha256:982cda36d1773076a415ec62766b3c0a21cdbae84525135bdb8f460c489bb5dd",
                "sha256:a647e44ba1b3344ebc5991c8aafeb7cca2b930010923657a273b41d86ae225c4",
                "sha256:b35d625282baa7b51e82e52622c300a1ca9f786711b2af7cbe64f1e6831f4126",
                "sha256:bab51855f8b318ef39c2af2c11095f45a10b74cbab4e3c8199efcc5af314c648"
            ],
            "index": "pypi",
            "version": "==1.0.4"
        },
        "pluggy": {
            "hashes": [
                "sha256:15b2acde666561e1298d71b523007ed7364de07029219b604cf808bfa1c765b0",
                "sha256:966c145cd83c96502c3c3868f50408687b38434af77734af1e9ca461a4081d2d"
            ],
            "version": "==0.13.1"
        },
        "py": {
            "hashes": [
                "sha256:21b81bda15b66ef5e1a777a21c4dcd9c20ad3efd0b3f817e7a809035269e1bd3",
                "sha256:3b80836aa6d1feeaa108e046da6423ab8f6ceda6468545ae8d02d9d58d18818a"
            ],
            "version": "==1.10.0"
        },
        "pyparsing": {
            "hashes": [
                "sha256:c203ec8783bf771a155b207279b9bccb8dea02d8f0c9e5f8ead507bc3246ecc1",
                "sha256:ef9d7589ef3c200abe66653d3f1ab1033c3c419ae9b9bdb1240a85b024efc88b"
            ],
            "version": "==2.4.7"
        },
        "python-dateutil": {
            "hashes": [
                "sha256:73ebfe9dbf22e832286dafa60473e4cd239f8592f699aa5adaf10050e6e1823c",
                "sha256:75bb3f31ea686f1197762692a9ee6a7550b59fc6ca3a1f4b5d7e32fb98e2da2a"
            ],
            "index": "pypi",
            "version": "==2.8.1"
        },
        "pytz": {
            "hashes": [
                "sha256:83a4a90894bf38e243cf052c8b58f381bfe9a7a483f6a9cab140bc7f702ac4da",
                "sha256:eb10ce3e7736052ed3623d49975ce333bcd712c7bb19a58b9e2089d4057d0798"
            ],
            "version": "==2021.1"
        },
        "six": {
            "hashes": [
                "sha256:1e61c37477a1626458e36f7b1d82aa5c9b094fa4802892072e49de9c60c4c926",
                "sha256:8abb2f1d86890a2dfb989f9a77cfcfd3e47c2a354b01111771326f8aa26e0254"
            ],
            "version": "==1.16.0"
        },
        "toml": {
            "hashes": [
                "sha256:806143ae5bfb6a3c6e736a764057db0e6a0e05e338b5630894a5f779cabb4f9b",
                "sha256:b3bda1d108d5dd99f4a20d24d9c348e91c4db7ab1b749200bded2f839ccbe68f"
            ],
            "version": "==0.10.2"
        },
        "tox": {
            "hashes": [
                "sha256:7efd010a98339209f3a8292f02909b51c58417bfc6838ab7eca14cf90f96117a",
                "sha256:8dd653bf0c6716a435df363c853cad1f037f9d5fddd0abc90d0f48ad06f39d03"
            ],
            "index": "pypi",
            "version": "==3.14.2"
        },
        "virtualenv": {
            "hashes": [
                "sha256:307a555cf21e1550885c82120eccaf5acedf42978fd362d32ba8410f9593f543",
                "sha256:72cf267afc04bf9c86ec932329b7e94db6a0331ae9847576daaa7ca3c86b29a4"
            ],
            "version": "==20.4.6"
        },
        "werkzeug": {
            "hashes": [
                "sha256:3389bbfe6d40c6dd25e6d3f974155163c8b3de5bbda6a89342d4ab93fae80ba0",
                "sha256:64c02f6495ba01eddd6625b3675f357cd358a73f1e38458a56ad86c5baa30b53"
            ],
            "version": "==2.0.0"
        },
        "wtforms": {
            "hashes": [
                "sha256:7b504fc724d0d1d4d5d5c114e778ec88c37ea53144683e084215eed5155ada4c",
                "sha256:81195de0ac94fbc8368abbaf9197b88c4f3ffd6c2719b5bf5fc9da744f3d829c"
            ],
            "version": "==2.3.3"
        },
        "zipp": {
            "hashes": [
                "sha256:3607921face881ba3e026887d8150cca609d517579abe052ac81fc5aeffdbd76",
                "sha256:51cb66cc54621609dd593d1787f286ee42a5c0adbb4b29abea5a63edc3e03098"
            ],
            "version": "==3.4.1"
        }
    },
    "develop": {}
}
